
Microsoft Visual Studio Solution File, Format Version 12.00
# Visual Studio Version 16
VisualStudioVersion = 16.0.29806.167
MinimumVisualStudioVersion = 10.0.40219.1
Project("{9A19103F-16F7-4668-BE54-9A1E7A4F7556}") = "COOP2020.API", "COOP2020.API.csproj", "{63D044E9-B23D-4FB3-89AE-576CAA1BF5FD}"
EndProject
Project("{9A19103F-16F7-4668-BE54-9A1E7A4F7556}") = "COOP2020.Domain", "..\COOP2020.Domain\COOP2020.Domain.csproj", "{1A20588C-5A3C-4CA8-89D7-41067B74A2A6}"
EndProject
Project("{9A19103F-16F7-4668-BE54-9A1E7A4F7556}") = "COOP2020.Infrastructure", "..\COOP2020.Infrastructure\COOP2020.Infrastructure.csproj", "{482D6415-BEBC-40CA-A6E0-5A2ACCFD32C4}"
EndProject
Project("{FAE04EC0-301F-11D3-BF4B-00C04F79EFBC}") = "CRP2020.API", "..\CRP2020.API\CRP2020.API.csproj", "{1E388D54-4D3E-4B35-85A2-FA6796E5B3C9}"
EndProject
Global
	GlobalSection(SolutionConfigurationPlatforms) = preSolution
		Debug|Any CPU = Debug|Any CPU
		Release|Any CPU = Release|Any CPU
	EndGlobalSection
	GlobalSection(ProjectConfigurationPlatforms) = postSolution
		{63D044E9-B23D-4FB3-89AE-576CAA1BF5FD}.Debug|Any CPU.ActiveCfg = Debug|Any CPU
		{63D044E9-B23D-4FB3-89AE-576CAA1BF5FD}.Debug|Any CPU.Build.0 = Debug|Any CPU
		{63D044E9-B23D-4FB3-89AE-576CAA1BF5FD}.Release|Any CPU.ActiveCfg = Release|Any CPU
		{63D044E9-B23D-4FB3-89AE-576CAA1BF5FD}.Release|Any CPU.Build.0 = Release|Any CPU
		{1A20588C-5A3C-4CA8-89D7-41067B74A2A6}.Debug|Any CPU.ActiveCfg = Debug|Any CPU
		{1A20588C-5A3C-4CA8-89D7-41067B74A2A6}.Debug|Any CPU.Build.0 = Debug|Any CPU
		{1A20588C-5A3C-4CA8-89D7-41067B74A2A6}.Release|Any CPU.ActiveCfg = Release|Any CPU
		{1A20588C-5A3C-4CA8-89D7-41067B74A2A6}.Release|Any CPU.Build.0 = Release|Any CPU
		{482D6415-BEBC-40CA-A6E0-5A2ACCFD32C4}.Debug|Any CPU.ActiveCfg = Debug|Any CPU
		{482D6415-BEBC-40CA-A6E0-5A2ACCFD32C4}.Debug|Any CPU.Build.0 = Debug|Any CPU
		{482D6415-BEBC-40CA-A6E0-5A2ACCFD32C4}.Release|Any CPU.ActiveCfg = Release|Any CPU
		{482D6415-BEBC-40CA-A6E0-5A2ACCFD32C4}.Release|Any CPU.Build.0 = Release|Any CPU
		{1E388D54-4D3E-4B35-85A2-FA6796E5B3C9}.Debug|Any CPU.ActiveCfg = Debug|Any CPU
		{1E388D54-4D3E-4B35-85A2-FA6796E5B3C9}.Debug|Any CPU.Build.0 = Debug|Any CPU
		{1E388D54-4D3E-4B35-85A2-FA6796E5B3C9}.Release|Any CPU.ActiveCfg = Release|Any CPU
		{1E388D54-4D3E-4B35-85A2-FA6796E5B3C9}.Release|Any CPU.Build.0 = Release|Any CPU
	EndGlobalSection
	GlobalSection(SolutionProperties) = preSolution
		HideSolutionNode = FALSE
	EndGlobalSection
	GlobalSection(ExtensibilityGlobals) = postSolution
		SolutionGuid = {3BF2B350-C440-482A-B0BA-5E36C4AB4598}
	EndGlobalSection
EndGlobal
